
Microsoft Visual Studio Solution File, Format Version 12.00
# Visual Studio Version 17
VisualStudioVersion = 17.2.32630.192
MinimumVisualStudioVersion = 10.0.40219.1
Project("{FAE04EC0-301F-11D3-BF4B-00C04F79EFBC}") = "OrderKeyParse", "OrderKeyParse.csproj", "{DD781513-AD13-4B1D-9328-BAB32FE71CA5}"
EndProject
Global
	GlobalSection(SolutionConfigurationPlatforms) = preSolution
		Debug|Any CPU = Debug|Any CPU
		Release|Any CPU = Release|Any CPU
	EndGlobalSection
	GlobalSection(ProjectConfigurationPlatforms) = postSolution
		{DD781513-AD13-4B1D-9328-BAB32FE71CA5}.Debug|Any CPU.ActiveCfg = Debug|Any CPU
		{DD781513-AD13-4B1D-9328-BAB32FE71CA5}.Debug|Any CPU.Build.0 = Debug|Any CPU
		{DD781513-AD13-4B1D-9328-BAB32FE71CA5}.Release|Any CPU.ActiveCfg = Release|Any CPU
		{DD781513-AD13-4B1D-9328-BAB32FE71CA5}.Release|Any CPU.Build.0 = Release|Any CPU
	EndGlobalSection
	GlobalSection(SolutionProperties) = preSolution
		HideSolutionNode = FALSE
	EndGlobalSection
	GlobalSection(ExtensibilityGlobals) = postSolution
		SolutionGuid = {EE6B9100-D730-404A-B565-EDA2C4F47092}
	EndGlobalSection
EndGlobal
